
Microsoft Visual Studio Solution File, Format Version 12.00
# Visual Studio Version 16
VisualStudioVersion = 16.0.32126.315
MinimumVisualStudioVersion = 10.0.40219.1
Project("{FAE04EC0-301F-11D3-BF4B-00C04F79EFBC}") = "GerenciadoDeCursosApi", "GerenciadoDeCursosApi\GerenciadoDeCursosApi.csproj", "{82187F68-892C-4D75-920A-0EEA5E105447}"
EndProject
Global
	GlobalSection(SolutionConfigurationPlatforms) = preSolution
		Debug|Any CPU = Debug|Any CPU
		Release|Any CPU = Release|Any CPU
	EndGlobalSection
	GlobalSection(ProjectConfigurationPlatforms) = postSolution
		{82187F68-892C-4D75-920A-0EEA5E105447}.Debug|Any CPU.ActiveCfg = Debug|Any CPU
		{82187F68-892C-4D75-920A-0EEA5E105447}.Debug|Any CPU.Build.0 = Debug|Any CPU
		{82187F68-892C-4D75-920A-0EEA5E105447}.Release|Any CPU.ActiveCfg = Release|Any CPU
		{82187F68-892C-4D75-920A-0EEA5E105447}.Release|Any CPU.Build.0 = Release|Any CPU
	EndGlobalSection
	GlobalSection(SolutionProperties) = preSolution
		HideSolutionNode = FALSE
	EndGlobalSection
	GlobalSection(ExtensibilityGlobals) = postSolution
		SolutionGuid = {F6790D63-7280-4C8C-A4F4-95AC093C4345}
	EndGlobalSection
EndGlobal
